
Microsoft Visual Studio Solution File, Format Version 12.00
# Visual Studio Version 16
VisualStudioVersion = 16.0.30717.126
MinimumVisualStudioVersion = 10.0.40219.1
Project("{9A19103F-16F7-4668-BE54-9A1E7A4F7556}") = "MyESN.API", "MyESN\MyESN.API.csproj", "{86924C48-C4E8-4FB3-B936-288E3DD3DA7E}"
EndProject
Project("{9A19103F-16F7-4668-BE54-9A1E7A4F7556}") = "MyESN.Core.Tests", "MyESN.Core.Tests\MyESN.Core.Tests.csproj", "{BA04E1CC-7B10-485F-80E6-FFBA52068ECA}"
EndProject
Project("{FAE04EC0-301F-11D3-BF4B-00C04F79EFBC}") = "MyESN.Core", "MyESN.Core\MyESN.Core.csproj", "{91118F78-4FD8-4668-85BC-77A667D26843}"
EndProject
Global
	GlobalSection(SolutionConfigurationPlatforms) = preSolution
		Debug|Any CPU = Debug|Any CPU
		Release|Any CPU = Release|Any CPU
	EndGlobalSection
	GlobalSection(ProjectConfigurationPlatforms) = postSolution
		{86924C48-C4E8-4FB3-B936-288E3DD3DA7E}.Debug|Any CPU.ActiveCfg = Debug|Any CPU
		{86924C48-C4E8-4FB3-B936-288E3DD3DA7E}.Debug|Any CPU.Build.0 = Debug|Any CPU
		{86924C48-C4E8-4FB3-B936-288E3DD3DA7E}.Release|Any CPU.ActiveCfg = Release|Any CPU
		{86924C48-C4E8-4FB3-B936-288E3DD3DA7E}.Release|Any CPU.Build.0 = Release|Any CPU
		{BA04E1CC-7B10-485F-80E6-FFBA52068ECA}.Debug|Any CPU.ActiveCfg = Debug|Any CPU
		{BA04E1CC-7B10-485F-80E6-FFBA52068ECA}.Debug|Any CPU.Build.0 = Debug|Any CPU
		{BA04E1CC-7B10-485F-80E6-FFBA52068ECA}.Release|Any CPU.ActiveCfg = Release|Any CPU
		{BA04E1CC-7B10-485F-80E6-FFBA52068ECA}.Release|Any CPU.Build.0 = Release|Any CPU
		{91118F78-4FD8-4668-85BC-77A667D26843}.Debug|Any CPU.ActiveCfg = Debug|Any CPU
		{91118F78-4FD8-4668-85BC-77A667D26843}.Debug|Any CPU.Build.0 = Debug|Any CPU
		{91118F78-4FD8-4668-85BC-77A667D26843}.Release|Any CPU.ActiveCfg = Release|Any CPU
		{91118F78-4FD8-4668-85BC-77A667D26843}.Release|Any CPU.Build.0 = Release|Any CPU
	EndGlobalSection
	GlobalSection(SolutionProperties) = preSolution
		HideSolutionNode = FALSE
	EndGlobalSection
	GlobalSection(ExtensibilityGlobals) = postSolution
		SolutionGuid = {585567F4-B584-4F1B-9071-F0C6416B5A48}
	EndGlobalSection
EndGlobal
